
Microsoft Visual Studio Solution File, Format Version 12.00
# Visual Studio Version 17
VisualStudioVersion = 17.14.37111.16 d17.14
MinimumVisualStudioVersion = 10.0.40219.1
Project("{FAE04EC0-301F-11D3-BF4B-00C04F79EFBC}") = "LINQAssignment01", "LINQAssignment01.csproj", "{4AECEAAE-9BB9-4C57-AB24-E52EC5A0AE22}"
EndProject
Global
	GlobalSection(SolutionConfigurationPlatforms) = preSolution
		Debug|Any CPU = Debug|Any CPU
		Release|Any CPU = Release|Any CPU
	EndGlobalSection
	GlobalSection(ProjectConfigurationPlatforms) = postSolution
		{4AECEAAE-9BB9-4C57-AB24-E52EC5A0AE22}.Debug|Any CPU.ActiveCfg = Debug|Any CPU
		{4AECEAAE-9BB9-4C57-AB24-E52EC5A0AE22}.Debug|Any CPU.Build.0 = Debug|Any CPU
		{4AECEAAE-9BB9-4C57-AB24-E52EC5A0AE22}.Release|Any CPU.ActiveCfg = Release|Any CPU
		{4AECEAAE-9BB9-4C57-AB24-E52EC5A0AE22}.Release|Any CPU.Build.0 = Release|Any CPU
	EndGlobalSection
	GlobalSection(SolutionProperties) = preSolution
		HideSolutionNode = FALSE
	EndGlobalSection
	GlobalSection(ExtensibilityGlobals) = postSolution
		SolutionGuid = {DCC8478E-A110-4ECD-BDB1-CD07F441C25A}
	EndGlobalSection
EndGlobal
